
Microsoft Visual Studio Solution File, Format Version 12.00
# Visual Studio Version 16
VisualStudioVersion = 16.0.31410.357
MinimumVisualStudioVersion = 10.0.40219.1
Project("{FAE04EC0-301F-11D3-BF4B-00C04F79EFBC}") = "speed-camera-processor", "speed-camera-processor\speed-camera-processor.csproj", "{B5839672-5050-4795-9FDA-6A23DC728C4C}"
EndProject
Global
	GlobalSection(SolutionConfigurationPlatforms) = preSolution
		Debug|Any CPU = Debug|Any CPU
		Release|Any CPU = Release|Any CPU
	EndGlobalSection
	GlobalSection(ProjectConfigurationPlatforms) = postSolution
		{B5839672-5050-4795-9FDA-6A23DC728C4C}.Debug|Any CPU.ActiveCfg = Debug|Any CPU
		{B5839672-5050-4795-9FDA-6A23DC728C4C}.Debug|Any CPU.Build.0 = Debug|Any CPU
		{B5839672-5050-4795-9FDA-6A23DC728C4C}.Release|Any CPU.ActiveCfg = Release|Any CPU
		{B5839672-5050-4795-9FDA-6A23DC728C4C}.Release|Any CPU.Build.0 = Release|Any CPU
	EndGlobalSection
	GlobalSection(SolutionProperties) = preSolution
		HideSolutionNode = FALSE
	EndGlobalSection
	GlobalSection(ExtensibilityGlobals) = postSolution
		SolutionGuid = {A699B4A3-B0F9-400D-B031-6E9B43AF7E6D}
	EndGlobalSection
EndGlobal
